
Microsoft Visual Studio Solution File, Format Version 12.00
# Visual Studio Version 17
VisualStudioVersion = 17.5.002.0
MinimumVisualStudioVersion = 10.0.40219.1
Project("{2150E333-8FDC-42A3-9474-1A3956D46DE8}") = "csharp-prep", "csharp-prep", "{C434FBC9-76A0-4838-A22C-762701BCE21E}"
EndProject
Project("{9A19103F-16F7-4668-BE54-9A1E7A4F7556}") = "Prep1", "csharp-prep\Prep1\Prep1.csproj", "{041DED71-C7E1-4DCB-A683-868BE17ED4F9}"
EndProject
Project("{9A19103F-16F7-4668-BE54-9A1E7A4F7556}") = "Prep2", "csharp-prep\Prep2\Prep2.csproj", "{D9D52472-F0EB-42D5-9A43-7A6D3E6E00FD}"
EndProject
Project("{9A19103F-16F7-4668-BE54-9A1E7A4F7556}") = "Prep3", "csharp-prep\Prep3\Prep3.csproj", "{CEE48B83-3410-4C74-935C-8F89862314C6}"
EndProject
Project("{9A19103F-16F7-4668-BE54-9A1E7A4F7556}") = "Prep4", "csharp-prep\Prep4\Prep4.csproj", "{422004BE-9BDA-4C7C-A68F-A6EED0E786F2}"
EndProject
Project("{9A19103F-16F7-4668-BE54-9A1E7A4F7556}") = "Prep5", "csharp-prep\Prep5\Prep5.csproj", "{5FFBE0A1-F844-4356-9064-7C76E528EFBA}"
EndProject
Project("{2150E333-8FDC-42A3-9474-1A3956D46DE8}") = "final", "final", "{AE54EB3B-B839-438A-9A8E-DD9737917F05}"
EndProject
Project("{9A19103F-16F7-4668-BE54-9A1E7A4F7556}") = "FinalProject", "final\FinalProject\FinalProject.csproj", "{A2CE33A9-C05B-44E7-8D9A-C99A271A1362}"
EndProject
Project("{9A19103F-16F7-4668-BE54-9A1E7A4F7556}") = "Foundation1", "final\Foundation1\Foundation1.csproj", "{9BE9090F-979C-4CF2-A395-A86BBEDD1D1C}"
EndProject
Project("{9A19103F-16F7-4668-BE54-9A1E7A4F7556}") = "Foundation2", "final\Foundation2\Foundation2.csproj", "{B470727E-3968-4F41-B89B-A27BEA5114EC}"
EndProject
Project("{9A19103F-16F7-4668-BE54-9A1E7A4F7556}") = "Foundation3", "final\Foundation3\Foundation3.csproj", "{09CA10B8-B121-4B00-BD48-DACF2079C96D}"
EndProject
Project("{9A19103F-16F7-4668-BE54-9A1E7A4F7556}") = "Foundation4", "final\Foundation4\Foundation4.csproj", "{6167BFCC-6042-4A89-A321-B186630B2238}"
EndProject
Project("{2150E333-8FDC-42A3-9474-1A3956D46DE8}") = "prepare", "prepare", "{4D234876-A1A3-4349-9C52-A51A6C0E7274}"
EndProject
Project("{9A19103F-16F7-4668-BE54-9A1E7A4F7556}") = "Learning02", "prepare\Learning02\Learning02.csproj", "{C5713F5F-EFAA-4C8F-BC4D-383812CCD3CD}"
EndProject
Project("{9A19103F-16F7-4668-BE54-9A1E7A4F7556}") = "Learning03", "prepare\Learning03\Learning03.csproj", "{18B4BC2A-5170-4BBB-BAA0-D83D407BCB63}"
EndProject
Project("{9A19103F-16F7-4668-BE54-9A1E7A4F7556}") = "Learning04", "prepare\Learning04\Learning04.csproj", "{A239CC30-3663-4863-8041-4A640723B8F5}"
EndProject
Project("{9A19103F-16F7-4668-BE54-9A1E7A4F7556}") = "Learning05", "prepare\Learning05\Learning05.csproj", "{2BB01329-8B5D-4899-A063-66A9DEC8140D}"
EndProject
Project("{2150E333-8FDC-42A3-9474-1A3956D46DE8}") = "prove", "prove", "{76A815BE-DACC-439E-B46C-806E4CB3F055}"
EndProject
Project("{9A19103F-16F7-4668-BE54-9A1E7A4F7556}") = "Develop02", "prove\Develop02\Develop02.csproj", "{A2901835-BB80-4604-850C-077C890C0F6A}"
EndProject
Project("{9A19103F-16F7-4668-BE54-9A1E7A4F7556}") = "Develop03", "prove\Develop03\Develop03.csproj", "{F53A8F17-5056-4587-9F8A-856ED4F478F5}"
EndProject
Project("{9A19103F-16F7-4668-BE54-9A1E7A4F7556}") = "Develop04", "prove\Develop04\Develop04.csproj", "{B91E9CD6-D245-4811-9428-FEBBDE176A02}"
EndProject
Project("{9A19103F-16F7-4668-BE54-9A1E7A4F7556}") = "Develop05", "prove\Develop05\Develop05.csproj", "{E935EDE4-3456-4C4C-BBB3-C389E7CCE073}"
EndProject
Project("{2150E333-8FDC-42A3-9474-1A3956D46DE8}") = "sandbox", "sandbox", "{F6E4071F-3D80-439C-97E0-980B5047C812}"
EndProject
Project("{9A19103F-16F7-4668-BE54-9A1E7A4F7556}") = "Sandbox", "sandbox\Sandbox\Sandbox.csproj", "{0D3162FF-2F07-4D25-8B98-B2E09CFC2721}"
EndProject
Global
	GlobalSection(SolutionConfigurationPlatforms) = preSolution
		Debug|Any CPU = Debug|Any CPU
		Release|Any CPU = Release|Any CPU
	EndGlobalSection
	GlobalSection(ProjectConfigurationPlatforms) = postSolution
		{041DED71-C7E1-4DCB-A683-868BE17ED4F9}.Debug|Any CPU.ActiveCfg = Debug|Any CPU
		{041DED71-C7E1-4DCB-A683-868BE17ED4F9}.Debug|Any CPU.Build.0 = Debug|Any CPU
		{041DED71-C7E1-4DCB-A683-868BE17ED4F9}.Release|Any CPU.ActiveCfg = Release|Any CPU
		{041DED71-C7E1-4DCB-A683-868BE17ED4F9}.Release|Any CPU.Build.0 = Release|Any CPU
		{D9D52472-F0EB-42D5-9A43-7A6D3E6E00FD}.Debug|Any CPU.ActiveCfg = Debug|Any CPU
		{D9D52472-F0EB-42D5-9A43-7A6D3E6E00FD}.Debug|Any CPU.Build.0 = Debug|Any CPU
		{D9D52472-F0EB-42D5-9A43-7A6D3E6E00FD}.Release|Any CPU.ActiveCfg = Release|Any CPU
		{D9D52472-F0EB-42D5-9A43-7A6D3E6E00FD}.Release|Any CPU.Build.0 = Release|Any CPU
		{CEE48B83-3410-4C74-935C-8F89862314C6}.Debug|Any CPU.ActiveCfg = Debug|Any CPU
		{CEE48B83-3410-4C74-935C-8F89862314C6}.Debug|Any CPU.Build.0 = Debug|Any CPU
		{CEE48B83-3410-4C74-935C-8F89862314C6}.Release|Any CPU.ActiveCfg = Release|Any CPU
		{CEE48B83-3410-4C74-935C-8F89862314C6}.Release|Any CPU.Build.0 = Release|Any CPU
		{422004BE-9BDA-4C7C-A68F-A6EED0E786F2}.Debug|Any CPU.ActiveCfg = Debug|Any CPU
		{422004BE-9BDA-4C7C-A68F-A6EED0E786F2}.Debug|Any CPU.Build.0 = Debug|Any CPU
		{422004BE-9BDA-4C7C-A68F-A6EED0E786F2}.Release|Any CPU.ActiveCfg = Release|Any CPU
		{422004BE-9BDA-4C7C-A68F-A6EED0E786F2}.Release|Any CPU.Build.0 = Release|Any CPU
		{5FFBE0A1-F844-4356-9064-7C76E528EFBA}.Debug|Any CPU.ActiveCfg = Debug|Any CPU
		{5FFBE0A1-F844-4356-9064-7C76E528EFBA}.Debug|Any CPU.Build.0 = Debug|Any CPU
		{5FFBE0A1-F844-4356-9064-7C76E528EFBA}.Release|Any CPU.ActiveCfg = Release|Any CPU
		{5FFBE0A1-F844-4356-9064-7C76E528EFBA}.Release|Any CPU.Build.0 = Release|Any CPU
		{A2CE33A9-C05B-44E7-8D9A-C99A271A1362}.Debug|Any CPU.ActiveCfg = Debug|Any CPU
		{A2CE33A9-C05B-44E7-8D9A-C99A271A1362}.Debug|Any CPU.Build.0 = Debug|Any CPU
		{A2CE33A9-C05B-44E7-8D9A-C99A271A1362}.Release|Any CPU.ActiveCfg = Release|Any CPU
		{A2CE33A9-C05B-44E7-8D9A-C99A271A1362}.Release|Any CPU.Build.0 = Release|Any CPU
		{9BE9090F-979C-4CF2-A395-A86BBEDD1D1C}.Debug|Any CPU.ActiveCfg = Debug|Any CPU
		{9BE9090F-979C-4CF2-A395-A86BBEDD1D1C}.Debug|Any CPU.Build.0 = Debug|Any CPU
		{9BE9090F-979C-4CF2-A395-A86BBEDD1D1C}.Release|Any CPU.ActiveCfg = Release|Any CPU
		{9BE9090F-979C-4CF2-A395-A86BBEDD1D1C}.Release|Any CPU.Build.0 = Release|Any CPU
		{B470727E-3968-4F41-B89B-A27BEA5114EC}.Debug|Any CPU.ActiveCfg = Debug|Any CPU
		{B470727E-3968-4F41-B89B-A27BEA5114EC}.Debug|Any CPU.Build.0 = Debug|Any CPU
		{B470727E-3968-4F41-B89B-A27BEA5114EC}.Release|Any CPU.ActiveCfg = Release|Any CPU
		{B470727E-3968-4F41-B89B-A27BEA5114EC}.Release|Any CPU.Build.0 = Release|Any CPU
		{09CA10B8-B121-4B00-BD48-DACF2079C96D}.Debug|Any CPU.ActiveCfg = Debug|Any CPU
		{09CA10B8-B121-4B00-BD48-DACF2079C96D}.Debug|Any CPU.Build.0 = Debug|Any CPU
		{09CA10B8-B121-4B00-BD48-DACF2079C96D}.Release|Any CPU.ActiveCfg = Release|Any CPU
		{09CA10B8-B121-4B00-BD48-DACF2079C96D}.Release|Any CPU.Build.0 = Release|Any CPU
		{6167BFCC-6042-4A89-A321-B186630B2238}.Debug|Any CPU.ActiveCfg = Debug|Any CPU
		{6167BFCC-6042-4A89-A321-B186630B2238}.Debug|Any CPU.Build.0 = Debug|Any CPU
		{6167BFCC-6042-4A89-A321-B186630B2238}.Release|Any CPU.ActiveCfg = Release|Any CPU
		{6167BFCC-6042-4A89-A321-B186630B2238}.Release|Any CPU.Build.0 = Release|Any CPU
		{C5713F5F-EFAA-4C8F-BC4D-383812CCD3CD}.Debug|Any CPU.ActiveCfg = Debug|Any CPU
		{C5713F5F-EFAA-4C8F-BC4D-383812CCD3CD}.Debug|Any CPU.Build.0 = Debug|Any CPU
		{C5713F5F-EFAA-4C8F-BC4D-383812CCD3CD}.Release|Any CPU.ActiveCfg = Release|Any CPU
		{C5713F5F-EFAA-4C8F-BC4D-383812CCD3CD}.Release|Any CPU.Build.0 = Release|Any CPU
		{18B4BC2A-5170-4BBB-BAA0-D83D407BCB63}.Debug|Any CPU.ActiveCfg = Debug|Any CPU
		{18B4BC2A-5170-4BBB-BAA0-D83D407BCB63}.Debug|Any CPU.Build.0 = Debug|Any CPU
		{18B4BC2A-5170-4BBB-BAA0-D83D407BCB63}.Release|Any CPU.ActiveCfg = Release|Any CPU
		{18B4BC2A-5170-4BBB-BAA0-D83D407BCB63}.Release|Any CPU.Build.0 = Release|Any CPU
		{A239CC30-3663-4863-8041-4A640723B8F5}.Debug|Any CPU.ActiveCfg = Debug|Any CPU
		{A239CC30-3663-4863-8041-4A640723B8F5}.Debug|Any CPU.Build.0 = Debug|Any CPU
		{A239CC30-3663-4863-8041-4A640723B8F5}.Release|Any CPU.ActiveCfg = Release|Any CPU
		{A239CC30-3663-4863-8041-4A640723B8F5}.Release|Any CPU.Build.0 = Release|Any CPU
		{2BB01329-8B5D-4899-A063-66A9DEC8140D}.Debug|Any CPU.ActiveCfg = Debug|Any CPU
		{2BB01329-8B5D-4899-A063-66A9DEC8140D}.Debug|Any CPU.Build.0 = Debug|Any CPU
		{2BB01329-8B5D-4899-A063-66A9DEC8140D}.Release|Any CPU.ActiveCfg = Release|Any CPU
		{2BB01329-8B5D-4899-A063-66A9DEC8140D}.Release|Any CPU.Build.0 = Release|Any CPU
		{A2901835-BB80-4604-850C-077C890C0F6A}.Debug|Any CPU.ActiveCfg = Debug|Any CPU
		{A2901835-BB80-4604-850C-077C890C0F6A}.Debug|Any CPU.Build.0 = Debug|Any CPU
		{A2901835-BB80-4604-850C-077C890C0F6A}.Release|Any CPU.ActiveCfg = Release|Any CPU
		{A2901835-BB80-4604-850C-077C890C0F6A}.Release|Any CPU.Build.0 = Release|Any CPU
		{F53A8F17-5056-4587-9F8A-856ED4F478F5}.Debug|Any CPU.ActiveCfg = Debug|Any CPU
		{F53A8F17-5056-4587-9F8A-856ED4F478F5}.Debug|Any CPU.Build.0 = Debug|Any CPU
		{F53A8F17-5056-4587-9F8A-856ED4F478F5}.Release|Any CPU.ActiveCfg = Release|Any CPU
		{F53A8F17-5056-4587-9F8A-856ED4F478F5}.Release|Any CPU.Build.0 = Release|Any CPU
		{B91E9CD6-D245-4811-9428-FEBBDE176A02}.Debug|Any CPU.ActiveCfg = Debug|Any CPU
		{B91E9CD6-D245-4811-9428-FEBBDE176A02}.Debug|Any CPU.Build.0 = Debug|Any CPU
		{B91E9CD6-D245-4811-9428-FEBBDE176A02}.Release|Any CPU.ActiveCfg = Release|Any CPU
		{B91E9CD6-D245-4811-9428-FEBBDE176A02}.Release|Any CPU.Build.0 = Release|Any CPU
		{E935EDE4-3456-4C4C-BBB3-C389E7CCE073}.Debug|Any CPU.ActiveCfg = Debug|Any CPU
		{E935EDE4-3456-4C4C-BBB3-C389E7CCE073}.Debug|Any CPU.Build.0 = Debug|Any CPU
		{E935EDE4-3456-4C4C-BBB3-C389E7CCE073}.Release|Any CPU.ActiveCfg = Release|Any CPU
		{E935EDE4-3456-4C4C-BBB3-C389E7CCE073}.Release|Any CPU.Build.0 = Release|Any CPU
		{0D3162FF-2F07-4D25-8B98-B2E09CFC2721}.Debug|Any CPU.ActiveCfg = Debug|Any CPU
		{0D3162FF-2F07-4D25-8B98-B2E09CFC2721}.Debug|Any CPU.Build.0 = Debug|Any CPU
		{0D3162FF-2F07-4D25-8B98-B2E09CFC2721}.Release|Any CPU.ActiveCfg = Release|Any CPU
		{0D3162FF-2F07-4D25-8B98-B2E09CFC2721}.Release|Any CPU.Build.0 = Release|Any CPU
	EndGlobalSection
	GlobalSection(SolutionProperties) = preSolution
		HideSolutionNode = FALSE
	EndGlobalSection
	GlobalSection(NestedProjects) = preSolution
		{041DED71-C7E1-4DCB-A683-868BE17ED4F9} = {C434FBC9-76A0-4838-A22C-762701BCE21E}
		{D9D52472-F0EB-42D5-9A43-7A6D3E6E00FD} = {C434FBC9-76A0-4838-A22C-762701BCE21E}
		{CEE48B83-3410-4C74-935C-8F89862314C6} = {C434FBC9-76A0-4838-A22C-762701BCE21E}
		{422004BE-9BDA-4C7C-A68F-A6EED0E786F2} = {C434FBC9-76A0-4838-A22C-762701BCE21E}
		{5FFBE0A1-F844-4356-9064-7C76E528EFBA} = {C434FBC9-76A0-4838-A22C-762701BCE21E}
		{A2CE33A9-C05B-44E7-8D9A-C99A271A1362} = {AE54EB3B-B839-438A-9A8E-DD9737917F05}
		{9BE9090F-979C-4CF2-A395-A86BBEDD1D1C} = {AE54EB3B-B839-438A-9A8E-DD9737917F05}
		{B470727E-3968-4F41-B89B-A27BEA5114EC} = {AE54EB3B-B839-438A-9A8E-DD9737917F05}
		{09CA10B8-B121-4B00-BD48-DACF2079C96D} = {AE54EB3B-B839-438A-9A8E-DD9737917F05}
		{6167BFCC-6042-4A89-A321-B186630B2238} = {AE54EB3B-B839-438A-9A8E-DD9737917F05}
		{C5713F5F-EFAA-4C8F-BC4D-383812CCD3CD} = {4D234876-A1A3-4349-9C52-A51A6C0E7274}
		{18B4BC2A-5170-4BBB-BAA0-D83D407BCB63} = {4D234876-A1A3-4349-9C52-A51A6C0E7274}
		{A239CC30-3663-4863-8041-4A640723B8F5} = {4D234876-A1A3-4349-9C52-A51A6C0E7274}
		{2BB01329-8B5D-4899-A063-66A9DEC8140D} = {4D234876-A1A3-4349-9C52-A51A6C0E7274}
		{A2901835-BB80-4604-850C-077C890C0F6A} = {76A815BE-DACC-439E-B46C-806E4CB3F055}
		{F53A8F17-5056-4587-9F8A-856ED4F478F5} = {76A815BE-DACC-439E-B46C-806E4CB3F055}
		{B91E9CD6-D245-4811-9428-FEBBDE176A02} = {76A815BE-DACC-439E-B46C-806E4CB3F055}
		{E935EDE4-3456-4C4C-BBB3-C389E7CCE073} = {76A815BE-DACC-439E-B46C-806E4CB3F055}
		{0D3162FF-2F07-4D25-8B98-B2E09CFC2721} = {F6E4071F-3D80-439C-97E0-980B5047C812}
	EndGlobalSection
	GlobalSection(ExtensibilityGlobals) = postSolution
		SolutionGuid = {4467F4E2-B25F-449F-9992-110DB7E96D26}
	EndGlobalSection
EndGlobal
